Microsoft Visual Studio Solution File, Format Version 11.00
# Visual Studio 2008

Project("{7AAC2F04-4F95-0593-7033-6B9B57E258C0}") = "prototipo_uc05_aluno", "Assembly-CSharp.csproj", "{C8284483-F80D-5B0D-2715-3F342225F1E2}"
EndProject
Global
	GlobalSection(SolutionConfigurationPlatforms) = preSolution
		Debug|Any CPU = Debug|Any CPU
		Release|Any CPU = Release|Any CPU
	EndGlobalSection
	GlobalSection(ProjectConfigurationPlatforms) = postSolution
		{C8284483-F80D-5B0D-2715-3F342225F1E2}.Debug|Any CPU.ActiveCfg = Debug|Any CPU
		{C8284483-F80D-5B0D-2715-3F342225F1E2}.Debug|Any CPU.Build.0 = Debug|Any CPU
		{C8284483-F80D-5B0D-2715-3F342225F1E2}.Release|Any CPU.ActiveCfg = Release|Any CPU
		{C8284483-F80D-5B0D-2715-3F342225F1E2}.Release|Any CPU.Build.0 = Release|Any CPU
	EndGlobalSection
	GlobalSection(SolutionProperties) = preSolution
		HideSolutionNode = FALSE
	EndGlobalSection
	GlobalSection(MonoDevelopProperties) = preSolution
		StartupItem = Assembly-CSharp.csproj
	EndGlobalSection
EndGlobal
